
Microsoft Visual Studio Solution File, Format Version 12.00
# Visual Studio 14
VisualStudioVersion = 14.0.24720.0
MinimumVisualStudioVersion = 10.0.40219.1
Project("{FAE04EC0-301F-11D3-BF4B-00C04F79EFBC}") = "FileScaner", "FileScaner\FileScaner.csproj", "{2E49668E-44D6-4530-8B1D-8ECD7DE053CD}"
EndProject
Project("{FAE04EC0-301F-11D3-BF4B-00C04F79EFBC}") = "TemplateClern", "TemplateClern\TemplateClern.csproj", "{F3FDAB8D-C8EF-42BC-9A55-1B110C801A17}"
EndProject
Project("{FAE04EC0-301F-11D3-BF4B-00C04F79EFBC}") = "ViewAddIn", "ViewAddIn\ViewAddIn.csproj", "{F63EE28E-D346-4FF4-BF7D-673FA9925B0D}"
EndProject
Global
	GlobalSection(SolutionConfigurationPlatforms) = preSolution
		Debug|Any CPU = Debug|Any CPU
		Release|Any CPU = Release|Any CPU
	EndGlobalSection
	GlobalSection(ProjectConfigurationPlatforms) = postSolution
		{2E49668E-44D6-4530-8B1D-8ECD7DE053CD}.Debug|Any CPU.ActiveCfg = Debug|Any CPU
		{2E49668E-44D6-4530-8B1D-8ECD7DE053CD}.Debug|Any CPU.Build.0 = Debug|Any CPU
		{2E49668E-44D6-4530-8B1D-8ECD7DE053CD}.Release|Any CPU.ActiveCfg = Release|Any CPU
		{2E49668E-44D6-4530-8B1D-8ECD7DE053CD}.Release|Any CPU.Build.0 = Release|Any CPU
		{F3FDAB8D-C8EF-42BC-9A55-1B110C801A17}.Debug|Any CPU.ActiveCfg = Debug|Any CPU
		{F3FDAB8D-C8EF-42BC-9A55-1B110C801A17}.Debug|Any CPU.Build.0 = Debug|Any CPU
		{F3FDAB8D-C8EF-42BC-9A55-1B110C801A17}.Release|Any CPU.ActiveCfg = Release|Any CPU
		{F3FDAB8D-C8EF-42BC-9A55-1B110C801A17}.Release|Any CPU.Build.0 = Release|Any CPU
		{F63EE28E-D346-4FF4-BF7D-673FA9925B0D}.Debug|Any CPU.ActiveCfg = Debug|Any CPU
		{F63EE28E-D346-4FF4-BF7D-673FA9925B0D}.Debug|Any CPU.Build.0 = Debug|Any CPU
		{F63EE28E-D346-4FF4-BF7D-673FA9925B0D}.Release|Any CPU.ActiveCfg = Release|Any CPU
		{F63EE28E-D346-4FF4-BF7D-673FA9925B0D}.Release|Any CPU.Build.0 = Release|Any CPU
	EndGlobalSection
	GlobalSection(SolutionProperties) = preSolution
		HideSolutionNode = FALSE
	EndGlobalSection
EndGlobal
